
Microsoft Visual Studio Solution File, Format Version 12.00
# Visual Studio Version 17
VisualStudioVersion = 17.8.34330.188
MinimumVisualStudioVersion = 10.0.40219.1
Project("{FAE04EC0-301F-11D3-BF4B-00C04F79EFBC}") = "DataRetrieveSort", "DataRetrieveSort\DataRetrieveSort.csproj", "{6BF1DB59-934B-4D42-BA52-453ED28E9CC2}"
EndProject
Global
	GlobalSection(SolutionConfigurationPlatforms) = preSolution
		Debug|Any CPU = Debug|Any CPU
		Release|Any CPU = Release|Any CPU
	EndGlobalSection
	GlobalSection(ProjectConfigurationPlatforms) = postSolution
		{6BF1DB59-934B-4D42-BA52-453ED28E9CC2}.Debug|Any CPU.ActiveCfg = Debug|Any CPU
		{6BF1DB59-934B-4D42-BA52-453ED28E9CC2}.Debug|Any CPU.Build.0 = Debug|Any CPU
		{6BF1DB59-934B-4D42-BA52-453ED28E9CC2}.Release|Any CPU.ActiveCfg = Release|Any CPU
		{6BF1DB59-934B-4D42-BA52-453ED28E9CC2}.Release|Any CPU.Build.0 = Release|Any CPU
	EndGlobalSection
	GlobalSection(SolutionProperties) = preSolution
		HideSolutionNode = FALSE
	EndGlobalSection
	GlobalSection(ExtensibilityGlobals) = postSolution
		SolutionGuid = {F2EFC689-7AED-444E-9B32-A10F38403C49}
	EndGlobalSection
EndGlobal
